# Prisma Migrate lockfile v1

20200813234015-initial
20200821165629-add-user
20200825022741-add-asset
20200825174113-add-updated-at
20200825184919-add-portfolio
20200825191918-add-transaction
20200825195001-remove-hello-world
20200825204237-user-portfolio-asset-hard-relations
20200828175320-add-transaction-type
20200828175434-add-transaction-type
20200829125222-add-custom-asset
20200829141158-correct-custom-asset-historical-values
20200829163809-remove-calculated-total-price
20200829214526-change-transaction-type-casing
20200829220940-change-name-from-ticker-to-symbol
20200829222359-privately-and-publicly-traded-assets
20200830161713-rename-asset-types
20200901140241-change-field-names